{
  "originHash" : "23cf385b631e04e49d7a256dbafde577dd9109591abbfb4fdf00ddbfa5bf1019",
  "pins" : [
    {
      "identity" : "purchases-ios",
      "kind" : "remoteSourceControl",
      "location" : "https://github.com/RevenueCat/purchases-ios.git",
      "state" : {
        "revision" : "1821dc954cbd3fdc27a28f3356eb1a3d77642f04",
        "version" : "5.44.1"
      }
    }
  ],
  "version" : 3
}
